
Microsoft Visual Studio Solution File, Format Version 12.00
# Visual Studio Version 17
VisualStudioVersion = 17.5.33530.505
MinimumVisualStudioVersion = 10.0.40219.1
Project("{8BC9CEB8-8B4A-11D0-8D11-00A0C91BC942}") = "FirstConsoleApplication", "FirstConsoleApplication\FirstConsoleApplication.vcxproj", "{F9FDBB0F-5A71-4E57-9540-62BFA60F363B}"
EndProject
Project("{2150E333-8FDC-42A3-9474-1A3956D46DE8}") = "01. Podstawy", "01. Podstawy", "{2BE2DBA4-EB19-4882-B77B-71D6E1B3196D}"
EndProject
Project("{2150E333-8FDC-42A3-9474-1A3956D46DE8}") = "02. Instrukcje decyzyjne", "02. Instrukcje decyzyjne", "{5362F22C-23FF-4083-A0A9-0E078EEB1AC5}"
EndProject
Project("{8BC9CEB8-8B4A-11D0-8D11-00A0C91BC942}") = "InstructionIfConsoleApplication", "InstructionIfConsoleApplication\InstructionIfConsoleApplication.vcxproj", "{03215DC6-3126-4ECA-A199-332F2A01BC40}"
EndProject
Project("{8BC9CEB8-8B4A-11D0-8D11-00A0C91BC942}") = "LoopConsoleApplication", "LoopConsoleApplication\LoopConsoleApplication.vcxproj", "{7140AE00-D6A4-4FF6-91E7-03CA05AEE29D}"
EndProject
Project("{2150E333-8FDC-42A3-9474-1A3956D46DE8}") = "03. Kolekcje", "03. Kolekcje", "{A28F3D5F-C743-4584-96C0-864DC0F039CA}"
EndProject
Project("{8BC9CEB8-8B4A-11D0-8D11-00A0C91BC942}") = "StringConsoleApplication", "StringConsoleApplication\StringConsoleApplication.vcxproj", "{17B179F4-22DD-4C30-A3B5-172BEF90242E}"
EndProject
Project("{8BC9CEB8-8B4A-11D0-8D11-00A0C91BC942}") = "ArrayConsoleApplication", "ArrayConsoleApplication\ArrayConsoleApplication.vcxproj", "{0D167611-6F58-4BA9-94E0-A34B75413648}"
EndProject
Project("{2150E333-8FDC-42A3-9474-1A3956D46DE8}") = "04. Funkcje", "04. Funkcje", "{D24E0301-A64F-4826-95E8-DF27332B8DF9}"
EndProject
Project("{8BC9CEB8-8B4A-11D0-8D11-00A0C91BC942}") = "TicTacToeConsoleApplication", "TicTacToeConsoleApplication\TicTacToeConsoleApplication.vcxproj", "{E747B1F8-2661-450A-93A3-A21EF3986BDF}"
EndProject
Project("{2150E333-8FDC-42A3-9474-1A3956D46DE8}") = "05. Struktury", "05. Struktury", "{2C657A04-E8E5-4BF8-841C-27D75F12AD43}"
EndProject
Project("{8BC9CEB8-8B4A-11D0-8D11-00A0C91BC942}") = "StructConsoleApplication", "StructConsoleApplication\StructConsoleApplication.vcxproj", "{69BA2F62-72B4-4500-A1D2-F9F5417ED193}"
EndProject
Project("{2150E333-8FDC-42A3-9474-1A3956D46DE8}") = "Programowanie strukturalne", "Programowanie strukturalne", "{D4EBEC6F-00F4-4B28-9E5D-9A44086CFEF9}"
EndProject
Project("{2150E333-8FDC-42A3-9474-1A3956D46DE8}") = "Programowanie obiektowe", "Programowanie obiektowe", "{B4039963-6276-467F-B886-12FFC8D3578A}"
EndProject
Project("{2150E333-8FDC-42A3-9474-1A3956D46DE8}") = "01. Podstawy", "01. Podstawy", "{3A062E57-557C-4C02-92C8-F24F31B449EE}"
EndProject
Project("{8BC9CEB8-8B4A-11D0-8D11-00A0C91BC942}") = "FirstObjectConsoleApplication", "FirstObjectConsoleApplication\FirstObjectConsoleApplication.vcxproj", "{E4AF6D70-0CE3-4520-83CE-CC5A3B7410D8}"
EndProject
Project("{2150E333-8FDC-42A3-9474-1A3956D46DE8}") = "02. Dziedziczenie", "02. Dziedziczenie", "{C4544019-A6AA-40B2-B6E1-A772AF6C10F3}"
EndProject
Project("{8BC9CEB8-8B4A-11D0-8D11-00A0C91BC942}") = "FirstInheritanceConsoleApplication", "FirstInheritanceConsoleApplication\FirstInheritanceConsoleApplication.vcxproj", "{4F5FE15C-AD3F-4E21-8C50-61AF9ABBEDA3}"
EndProject
Project("{8BC9CEB8-8B4A-11D0-8D11-00A0C91BC942}") = "GeometryConsoleApplication", "GeometryConsoleApplication\GeometryConsoleApplication.vcxproj", "{F761D5AE-33E3-4B37-95C2-5209BCFB3470}"
EndProject
Project("{2150E333-8FDC-42A3-9474-1A3956D46DE8}") = "03. Zadania", "03. Zadania", "{5F9D1443-5E25-417A-99EE-D6367B337516}"
EndProject
Project("{8BC9CEB8-8B4A-11D0-8D11-00A0C91BC942}") = "TicTacToeObjectConsoleApplication", "TicTacToeObjectConsoleApplication\TicTacToeObjectConsoleApplication.vcxproj", "{18A2C306-FBAD-45B2-97D3-4CF23E31F7FC}"
EndProject
Project("{2150E333-8FDC-42A3-9474-1A3956D46DE8}") = "C#", "C#", "{64C2DC4E-37FA-4EC3-9594-7672E95FC079}"
EndProject
Project("{2150E333-8FDC-42A3-9474-1A3956D46DE8}") = "C++", "C++", "{D429DB92-67D0-4749-B8E3-A4CD3CCCD7B7}"
EndProject
Project("{2150E333-8FDC-42A3-9474-1A3956D46DE8}") = "01. Podstawy", "01. Podstawy", "{A526CC43-E2D8-4114-AF07-CC486F506E2F}"
EndProject
Project("{9A19103F-16F7-4668-BE54-9A1E7A4F7556}") = "FirstConsoleApp", "FirstConsoleApp\FirstConsoleApp.csproj", "{CB6DACFE-D99D-40BD-8179-2C6F11F51B08}"
EndProject
Project("{9A19103F-16F7-4668-BE54-9A1E7A4F7556}") = "StructConsoleApp", "StructConsoleApp\StructConsoleApp.csproj", "{D5E335D3-B4EE-4610-B153-AD29CB388FC9}"
EndProject
Project("{9A19103F-16F7-4668-BE54-9A1E7A4F7556}") = "ClassConsoleApp", "ClassConsoleApp\ClassConsoleApp.csproj", "{0488FE5E-E5B2-4344-B17E-7669D5539748}"
EndProject
Project("{2150E333-8FDC-42A3-9474-1A3956D46DE8}") = "02. Kolekcje", "02. Kolekcje", "{081345EB-482D-4FE7-B7D1-9CD437A44739}"
EndProject
Project("{9A19103F-16F7-4668-BE54-9A1E7A4F7556}") = "ListCollectionConsoleApp", "ListCollectionConsoleApp\ListCollectionConsoleApp.csproj", "{E908B7B6-27CC-458D-B6DC-0E4AF48A2A39}"
EndProject
Project("{9A19103F-16F7-4668-BE54-9A1E7A4F7556}") = "LinqConsoleApp", "LinqConsoleApp\LinqConsoleApp.csproj", "{8FFF41C8-85CE-41EB-8565-AB19FE97F41B}"
EndProject
Project("{9A19103F-16F7-4668-BE54-9A1E7A4F7556}") = "GenericConsoleApp", "GenericConsoleApp\GenericConsoleApp.csproj", "{556E0564-1E62-4BE8-B056-71D4A0462F56}"
EndProject
Project("{FAE04EC0-301F-11D3-BF4B-00C04F79EFBC}") = "LinqTasksConsoleApp", "LinqTasksConsoleApp\LinqTasksConsoleApp.csproj", "{AF1D3080-E083-4D9F-A78C-762F6DD85EB2}"
EndProject
Project("{FAE04EC0-301F-11D3-BF4B-00C04F79EFBC}") = "InterfaceConsoleApp", "InterfaceConsoleApp\InterfaceConsoleApp.csproj", "{24D707E6-AAB0-45A0-B610-60125A0C45BF}"
EndProject
Project("{FAE04EC0-301F-11D3-BF4B-00C04F79EFBC}") = "ExceptionsConsoleApp", "ExceptionsConsoleApp\ExceptionsConsoleApp.csproj", "{05848B4B-A85C-44DC-9F17-5AD1153428F9}"
EndProject
Project("{2150E333-8FDC-42A3-9474-1A3956D46DE8}") = "Egzaminy", "Egzaminy", "{798E8759-D62F-4289-A43C-1729C360B744}"
EndProject
Project("{2150E333-8FDC-42A3-9474-1A3956D46DE8}") = "Inf04", "Inf04", "{A1E746EF-66F4-48C5-B436-23F87D9F44CF}"
EndProject
Project("{FAE04EC0-301F-11D3-BF4B-00C04F79EFBC}") = "Inf04.2024.06.ConsoleApp", "Inf04.2024.06.ConsoleApp\Inf04.2024.06.ConsoleApp.csproj", "{097843B8-8CD7-4B60-B97E-A65C6C9D2357}"
EndProject
Global
	GlobalSection(SolutionConfigurationPlatforms) = preSolution
		Debug|Any CPU = Debug|Any CPU
		Debug|x64 = Debug|x64
		Debug|x86 = Debug|x86
		Release|Any CPU = Release|Any CPU
		Release|x64 = Release|x64
		Release|x86 = Release|x86
	EndGlobalSection
	GlobalSection(ProjectConfigurationPlatforms) = postSolution
		{F9FDBB0F-5A71-4E57-9540-62BFA60F363B}.Debug|Any CPU.ActiveCfg = Debug|x64
		{F9FDBB0F-5A71-4E57-9540-62BFA60F363B}.Debug|Any CPU.Build.0 = Debug|x64
		{F9FDBB0F-5A71-4E57-9540-62BFA60F363B}.Debug|x64.ActiveCfg = Debug|x64
		{F9FDBB0F-5A71-4E57-9540-62BFA60F363B}.Debug|x64.Build.0 = Debug|x64
		{F9FDBB0F-5A71-4E57-9540-62BFA60F363B}.Debug|x86.ActiveCfg = Debug|Win32
		{F9FDBB0F-5A71-4E57-9540-62BFA60F363B}.Debug|x86.Build.0 = Debug|Win32
		{F9FDBB0F-5A71-4E57-9540-62BFA60F363B}.Release|Any CPU.ActiveCfg = Release|x64
		{F9FDBB0F-5A71-4E57-9540-62BFA60F363B}.Release|Any CPU.Build.0 = Release|x64
		{F9FDBB0F-5A71-4E57-9540-62BFA60F363B}.Release|x64.ActiveCfg = Release|x64
		{F9FDBB0F-5A71-4E57-9540-62BFA60F363B}.Release|x64.Build.0 = Release|x64
		{F9FDBB0F-5A71-4E57-9540-62BFA60F363B}.Release|x86.ActiveCfg = Release|Win32
		{F9FDBB0F-5A71-4E57-9540-62BFA60F363B}.Release|x86.Build.0 = Release|Win32
		{03215DC6-3126-4ECA-A199-332F2A01BC40}.Debug|Any CPU.ActiveCfg = Debug|x64
		{03215DC6-3126-4ECA-A199-332F2A01BC40}.Debug|Any CPU.Build.0 = Debug|x64
		{03215DC6-3126-4ECA-A199-332F2A01BC40}.Debug|x64.ActiveCfg = Debug|x64
		{03215DC6-3126-4ECA-A199-332F2A01BC40}.Debug|x64.Build.0 = Debug|x64
		{03215DC6-3126-4ECA-A199-332F2A01BC40}.Debug|x86.ActiveCfg = Debug|Win32
		{03215DC6-3126-4ECA-A199-332F2A01BC40}.Debug|x86.Build.0 = Debug|Win32
		{03215DC6-3126-4ECA-A199-332F2A01BC40}.Release|Any CPU.ActiveCfg = Release|x64
		{03215DC6-3126-4ECA-A199-332F2A01BC40}.Release|Any CPU.Build.0 = Release|x64
		{03215DC6-3126-4ECA-A199-332F2A01BC40}.Release|x64.ActiveCfg = Release|x64
		{03215DC6-3126-4ECA-A199-332F2A01BC40}.Release|x64.Build.0 = Release|x64
		{03215DC6-3126-4ECA-A199-332F2A01BC40}.Release|x86.ActiveCfg = Release|Win32
		{03215DC6-3126-4ECA-A199-332F2A01BC40}.Release|x86.Build.0 = Release|Win32
		{7140AE00-D6A4-4FF6-91E7-03CA05AEE29D}.Debug|Any CPU.ActiveCfg = Debug|x64
		{7140AE00-D6A4-4FF6-91E7-03CA05AEE29D}.Debug|Any CPU.Build.0 = Debug|x64
		{7140AE00-D6A4-4FF6-91E7-03CA05AEE29D}.Debug|x64.ActiveCfg = Debug|x64
		{7140AE00-D6A4-4FF6-91E7-03CA05AEE29D}.Debug|x64.Build.0 = Debug|x64
		{7140AE00-D6A4-4FF6-91E7-03CA05AEE29D}.Debug|x86.ActiveCfg = Debug|Win32
		{7140AE00-D6A4-4FF6-91E7-03CA05AEE29D}.Debug|x86.Build.0 = Debug|Win32
		{7140AE00-D6A4-4FF6-91E7-03CA05AEE29D}.Release|Any CPU.ActiveCfg = Release|x64
		{7140AE00-D6A4-4FF6-91E7-03CA05AEE29D}.Release|Any CPU.Build.0 = Release|x64
		{7140AE00-D6A4-4FF6-91E7-03CA05AEE29D}.Release|x64.ActiveCfg = Release|x64
		{7140AE00-D6A4-4FF6-91E7-03CA05AEE29D}.Release|x64.Build.0 = Release|x64
		{7140AE00-D6A4-4FF6-91E7-03CA05AEE29D}.Release|x86.ActiveCfg = Release|Win32
		{7140AE00-D6A4-4FF6-91E7-03CA05AEE29D}.Release|x86.Build.0 = Release|Win32
		{17B179F4-22DD-4C30-A3B5-172BEF90242E}.Debug|Any CPU.ActiveCfg = Debug|x64
		{17B179F4-22DD-4C30-A3B5-172BEF90242E}.Debug|Any CPU.Build.0 = Debug|x64
		{17B179F4-22DD-4C30-A3B5-172BEF90242E}.Debug|x64.ActiveCfg = Debug|x64
		{17B179F4-22DD-4C30-A3B5-172BEF90242E}.Debug|x64.Build.0 = Debug|x64
		{17B179F4-22DD-4C30-A3B5-172BEF90242E}.Debug|x86.ActiveCfg = Debug|Win32
		{17B179F4-22DD-4C30-A3B5-172BEF90242E}.Debug|x86.Build.0 = Debug|Win32
		{17B179F4-22DD-4C30-A3B5-172BEF90242E}.Release|Any CPU.ActiveCfg = Release|x64
		{17B179F4-22DD-4C30-A3B5-172BEF90242E}.Release|Any CPU.Build.0 = Release|x64
		{17B179F4-22DD-4C30-A3B5-172BEF90242E}.Release|x64.ActiveCfg = Release|x64
		{17B179F4-22DD-4C30-A3B5-172BEF90242E}.Release|x64.Build.0 = Release|x64
		{17B179F4-22DD-4C30-A3B5-172BEF90242E}.Release|x86.ActiveCfg = Release|Win32
		{17B179F4-22DD-4C30-A3B5-172BEF90242E}.Release|x86.Build.0 = Release|Win32
		{0D167611-6F58-4BA9-94E0-A34B75413648}.Debug|Any CPU.ActiveCfg = Debug|x64
		{0D167611-6F58-4BA9-94E0-A34B75413648}.Debug|Any CPU.Build.0 = Debug|x64
		{0D167611-6F58-4BA9-94E0-A34B75413648}.Debug|x64.ActiveCfg = Debug|x64
		{0D167611-6F58-4BA9-94E0-A34B75413648}.Debug|x64.Build.0 = Debug|x64
		{0D167611-6F58-4BA9-94E0-A34B75413648}.Debug|x86.ActiveCfg = Debug|Win32
		{0D167611-6F58-4BA9-94E0-A34B75413648}.Debug|x86.Build.0 = Debug|Win32
		{0D167611-6F58-4BA9-94E0-A34B75413648}.Release|Any CPU.ActiveCfg = Release|x64
		{0D167611-6F58-4BA9-94E0-A34B75413648}.Release|Any CPU.Build.0 = Release|x64
		{0D167611-6F58-4BA9-94E0-A34B75413648}.Release|x64.ActiveCfg = Release|x64
		{0D167611-6F58-4BA9-94E0-A34B75413648}.Release|x64.Build.0 = Release|x64
		{0D167611-6F58-4BA9-94E0-A34B75413648}.Release|x86.ActiveCfg = Release|Win32
		{0D167611-6F58-4BA9-94E0-A34B75413648}.Release|x86.Build.0 = Release|Win32
		{E747B1F8-2661-450A-93A3-A21EF3986BDF}.Debug|Any CPU.ActiveCfg = Debug|x64
		{E747B1F8-2661-450A-93A3-A21EF3986BDF}.Debug|Any CPU.Build.0 = Debug|x64
		{E747B1F8-2661-450A-93A3-A21EF3986BDF}.Debug|x64.ActiveCfg = Debug|x64
		{E747B1F8-2661-450A-93A3-A21EF3986BDF}.Debug|x64.Build.0 = Debug|x64
		{E747B1F8-2661-450A-93A3-A21EF3986BDF}.Debug|x86.ActiveCfg = Debug|Win32
		{E747B1F8-2661-450A-93A3-A21EF3986BDF}.Debug|x86.Build.0 = Debug|Win32
		{E747B1F8-2661-450A-93A3-A21EF3986BDF}.Release|Any CPU.ActiveCfg = Release|x64
		{E747B1F8-2661-450A-93A3-A21EF3986BDF}.Release|Any CPU.Build.0 = Release|x64
		{E747B1F8-2661-450A-93A3-A21EF3986BDF}.Release|x64.ActiveCfg = Release|x64
		{E747B1F8-2661-450A-93A3-A21EF3986BDF}.Release|x64.Build.0 = Release|x64
		{E747B1F8-2661-450A-93A3-A21EF3986BDF}.Release|x86.ActiveCfg = Release|Win32
		{E747B1F8-2661-450A-93A3-A21EF3986BDF}.Release|x86.Build.0 = Release|Win32
		{69BA2F62-72B4-4500-A1D2-F9F5417ED193}.Debug|Any CPU.ActiveCfg = Debug|x64
		{69BA2F62-72B4-4500-A1D2-F9F5417ED193}.Debug|Any CPU.Build.0 = Debug|x64
		{69BA2F62-72B4-4500-A1D2-F9F5417ED193}.Debug|x64.ActiveCfg = Debug|x64
		{69BA2F62-72B4-4500-A1D2-F9F5417ED193}.Debug|x64.Build.0 = Debug|x64
		{69BA2F62-72B4-4500-A1D2-F9F5417ED193}.Debug|x86.ActiveCfg = Debug|Win32
		{69BA2F62-72B4-4500-A1D2-F9F5417ED193}.Debug|x86.Build.0 = Debug|Win32
		{69BA2F62-72B4-4500-A1D2-F9F5417ED193}.Release|Any CPU.ActiveCfg = Release|x64
		{69BA2F62-72B4-4500-A1D2-F9F5417ED193}.Release|Any CPU.Build.0 = Release|x64
		{69BA2F62-72B4-4500-A1D2-F9F5417ED193}.Release|x64.ActiveCfg = Release|x64
		{69BA2F62-72B4-4500-A1D2-F9F5417ED193}.Release|x64.Build.0 = Release|x64
		{69BA2F62-72B4-4500-A1D2-F9F5417ED193}.Release|x86.ActiveCfg = Release|Win32
		{69BA2F62-72B4-4500-A1D2-F9F5417ED193}.Release|x86.Build.0 = Release|Win32
		{E4AF6D70-0CE3-4520-83CE-CC5A3B7410D8}.Debug|Any CPU.ActiveCfg = Debug|x64
		{E4AF6D70-0CE3-4520-83CE-CC5A3B7410D8}.Debug|Any CPU.Build.0 = Debug|x64
		{E4AF6D70-0CE3-4520-83CE-CC5A3B7410D8}.Debug|x64.ActiveCfg = Debug|x64
		{E4AF6D70-0CE3-4520-83CE-CC5A3B7410D8}.Debug|x64.Build.0 = Debug|x64
		{E4AF6D70-0CE3-4520-83CE-CC5A3B7410D8}.Debug|x86.ActiveCfg = Debug|Win32
		{E4AF6D70-0CE3-4520-83CE-CC5A3B7410D8}.Debug|x86.Build.0 = Debug|Win32
		{E4AF6D70-0CE3-4520-83CE-CC5A3B7410D8}.Release|Any CPU.ActiveCfg = Release|x64
		{E4AF6D70-0CE3-4520-83CE-CC5A3B7410D8}.Release|Any CPU.Build.0 = Release|x64
		{E4AF6D70-0CE3-4520-83CE-CC5A3B7410D8}.Release|x64.ActiveCfg = Release|x64
		{E4AF6D70-0CE3-4520-83CE-CC5A3B7410D8}.Release|x64.Build.0 = Release|x64
		{E4AF6D70-0CE3-4520-83CE-CC5A3B7410D8}.Release|x86.ActiveCfg = Release|Win32
		{E4AF6D70-0CE3-4520-83CE-CC5A3B7410D8}.Release|x86.Build.0 = Release|Win32
		{4F5FE15C-AD3F-4E21-8C50-61AF9ABBEDA3}.Debug|Any CPU.ActiveCfg = Debug|x64
		{4F5FE15C-AD3F-4E21-8C50-61AF9ABBEDA3}.Debug|Any CPU.Build.0 = Debug|x64
		{4F5FE15C-AD3F-4E21-8C50-61AF9ABBEDA3}.Debug|x64.ActiveCfg = Debug|x64
		{4F5FE15C-AD3F-4E21-8C50-61AF9ABBEDA3}.Debug|x64.Build.0 = Debug|x64
		{4F5FE15C-AD3F-4E21-8C50-61AF9ABBEDA3}.Debug|x86.ActiveCfg = Debug|Win32
		{4F5FE15C-AD3F-4E21-8C50-61AF9ABBEDA3}.Debug|x86.Build.0 = Debug|Win32
		{4F5FE15C-AD3F-4E21-8C50-61AF9ABBEDA3}.Release|Any CPU.ActiveCfg = Release|x64
		{4F5FE15C-AD3F-4E21-8C50-61AF9ABBEDA3}.Release|Any CPU.Build.0 = Release|x64
		{4F5FE15C-AD3F-4E21-8C50-61AF9ABBEDA3}.Release|x64.ActiveCfg = Release|x64
		{4F5FE15C-AD3F-4E21-8C50-61AF9ABBEDA3}.Release|x64.Build.0 = Release|x64
		{4F5FE15C-AD3F-4E21-8C50-61AF9ABBEDA3}.Release|x86.ActiveCfg = Release|Win32
		{4F5FE15C-AD3F-4E21-8C50-61AF9ABBEDA3}.Release|x86.Build.0 = Release|Win32
		{F761D5AE-33E3-4B37-95C2-5209BCFB3470}.Debug|Any CPU.ActiveCfg = Debug|x64
		{F761D5AE-33E3-4B37-95C2-5209BCFB3470}.Debug|Any CPU.Build.0 = Debug|x64
		{F761D5AE-33E3-4B37-95C2-5209BCFB3470}.Debug|x64.ActiveCfg = Debug|x64
		{F761D5AE-33E3-4B37-95C2-5209BCFB3470}.Debug|x64.Build.0 = Debug|x64
		{F761D5AE-33E3-4B37-95C2-5209BCFB3470}.Debug|x86.ActiveCfg = Debug|Win32
		{F761D5AE-33E3-4B37-95C2-5209BCFB3470}.Debug|x86.Build.0 = Debug|Win32
		{F761D5AE-33E3-4B37-95C2-5209BCFB3470}.Release|Any CPU.ActiveCfg = Release|x64
		{F761D5AE-33E3-4B37-95C2-5209BCFB3470}.Release|Any CPU.Build.0 = Release|x64
		{F761D5AE-33E3-4B37-95C2-5209BCFB3470}.Release|x64.ActiveCfg = Release|x64
		{F761D5AE-33E3-4B37-95C2-5209BCFB3470}.Release|x64.Build.0 = Release|x64
		{F761D5AE-33E3-4B37-95C2-5209BCFB3470}.Release|x86.ActiveCfg = Release|Win32
		{F761D5AE-33E3-4B37-95C2-5209BCFB3470}.Release|x86.Build.0 = Release|Win32
		{18A2C306-FBAD-45B2-97D3-4CF23E31F7FC}.Debug|Any CPU.ActiveCfg = Debug|x64
		{18A2C306-FBAD-45B2-97D3-4CF23E31F7FC}.Debug|Any CPU.Build.0 = Debug|x64
		{18A2C306-FBAD-45B2-97D3-4CF23E31F7FC}.Debug|x64.ActiveCfg = Debug|x64
		{18A2C306-FBAD-45B2-97D3-4CF23E31F7FC}.Debug|x64.Build.0 = Debug|x64
		{18A2C306-FBAD-45B2-97D3-4CF23E31F7FC}.Debug|x86.ActiveCfg = Debug|Win32
		{18A2C306-FBAD-45B2-97D3-4CF23E31F7FC}.Debug|x86.Build.0 = Debug|Win32
		{18A2C306-FBAD-45B2-97D3-4CF23E31F7FC}.Release|Any CPU.ActiveCfg = Release|x64
		{18A2C306-FBAD-45B2-97D3-4CF23E31F7FC}.Release|Any CPU.Build.0 = Release|x64
		{18A2C306-FBAD-45B2-97D3-4CF23E31F7FC}.Release|x64.ActiveCfg = Release|x64
		{18A2C306-FBAD-45B2-97D3-4CF23E31F7FC}.Release|x64.Build.0 = Release|x64
		{18A2C306-FBAD-45B2-97D3-4CF23E31F7FC}.Release|x86.ActiveCfg = Release|Win32
		{18A2C306-FBAD-45B2-97D3-4CF23E31F7FC}.Release|x86.Build.0 = Release|Win32
		{CB6DACFE-D99D-40BD-8179-2C6F11F51B08}.Debug|Any CPU.ActiveCfg = Debug|Any CPU
		{CB6DACFE-D99D-40BD-8179-2C6F11F51B08}.Debug|Any CPU.Build.0 = Debug|Any CPU
		{CB6DACFE-D99D-40BD-8179-2C6F11F51B08}.Debug|x64.ActiveCfg = Debug|Any CPU
		{CB6DACFE-D99D-40BD-8179-2C6F11F51B08}.Debug|x64.Build.0 = Debug|Any CPU
		{CB6DACFE-D99D-40BD-8179-2C6F11F51B08}.Debug|x86.ActiveCfg = Debug|Any CPU
		{CB6DACFE-D99D-40BD-8179-2C6F11F51B08}.Debug|x86.Build.0 = Debug|Any CPU
		{CB6DACFE-D99D-40BD-8179-2C6F11F51B08}.Release|Any CPU.ActiveCfg = Release|Any CPU
		{CB6DACFE-D99D-40BD-8179-2C6F11F51B08}.Release|Any CPU.Build.0 = Release|Any CPU
		{CB6DACFE-D99D-40BD-8179-2C6F11F51B08}.Release|x64.ActiveCfg = Release|Any CPU
		{CB6DACFE-D99D-40BD-8179-2C6F11F51B08}.Release|x64.Build.0 = Release|Any CPU
		{CB6DACFE-D99D-40BD-8179-2C6F11F51B08}.Release|x86.ActiveCfg = Release|Any CPU
		{CB6DACFE-D99D-40BD-8179-2C6F11F51B08}.Release|x86.Build.0 = Release|Any CPU
		{D5E335D3-B4EE-4610-B153-AD29CB388FC9}.Debug|Any CPU.ActiveCfg = Debug|Any CPU
		{D5E335D3-B4EE-4610-B153-AD29CB388FC9}.Debug|Any CPU.Build.0 = Debug|Any CPU
		{D5E335D3-B4EE-4610-B153-AD29CB388FC9}.Debug|x64.ActiveCfg = Debug|Any CPU
		{D5E335D3-B4EE-4610-B153-AD29CB388FC9}.Debug|x64.Build.0 = Debug|Any CPU
		{D5E335D3-B4EE-4610-B153-AD29CB388FC9}.Debug|x86.ActiveCfg = Debug|Any CPU
		{D5E335D3-B4EE-4610-B153-AD29CB388FC9}.Debug|x86.Build.0 = Debug|Any CPU
		{D5E335D3-B4EE-4610-B153-AD29CB388FC9}.Release|Any CPU.ActiveCfg = Release|Any CPU
		{D5E335D3-B4EE-4610-B153-AD29CB388FC9}.Release|Any CPU.Build.0 = Release|Any CPU
		{D5E335D3-B4EE-4610-B153-AD29CB388FC9}.Release|x64.ActiveCfg = Release|Any CPU
		{D5E335D3-B4EE-4610-B153-AD29CB388FC9}.Release|x64.Build.0 = Release|Any CPU
		{D5E335D3-B4EE-4610-B153-AD29CB388FC9}.Release|x86.ActiveCfg = Release|Any CPU
		{D5E335D3-B4EE-4610-B153-AD29CB388FC9}.Release|x86.Build.0 = Release|Any CPU
		{0488FE5E-E5B2-4344-B17E-7669D5539748}.Debug|Any CPU.ActiveCfg = Debug|Any CPU
		{0488FE5E-E5B2-4344-B17E-7669D5539748}.Debug|Any CPU.Build.0 = Debug|Any CPU
		{0488FE5E-E5B2-4344-B17E-7669D5539748}.Debug|x64.ActiveCfg = Debug|Any CPU
		{0488FE5E-E5B2-4344-B17E-7669D5539748}.Debug|x64.Build.0 = Debug|Any CPU
		{0488FE5E-E5B2-4344-B17E-7669D5539748}.Debug|x86.ActiveCfg = Debug|Any CPU
		{0488FE5E-E5B2-4344-B17E-7669D5539748}.Debug|x86.Build.0 = Debug|Any CPU
		{0488FE5E-E5B2-4344-B17E-7669D5539748}.Release|Any CPU.ActiveCfg = Release|Any CPU
		{0488FE5E-E5B2-4344-B17E-7669D5539748}.Release|Any CPU.Build.0 = Release|Any CPU
		{0488FE5E-E5B2-4344-B17E-7669D5539748}.Release|x64.ActiveCfg = Release|Any CPU
		{0488FE5E-E5B2-4344-B17E-7669D5539748}.Release|x64.Build.0 = Release|Any CPU
		{0488FE5E-E5B2-4344-B17E-7669D5539748}.Release|x86.ActiveCfg = Release|Any CPU
		{0488FE5E-E5B2-4344-B17E-7669D5539748}.Release|x86.Build.0 = Release|Any CPU
		{E908B7B6-27CC-458D-B6DC-0E4AF48A2A39}.Debug|Any CPU.ActiveCfg = Debug|Any CPU
		{E908B7B6-27CC-458D-B6DC-0E4AF48A2A39}.Debug|Any CPU.Build.0 = Debug|Any CPU
		{E908B7B6-27CC-458D-B6DC-0E4AF48A2A39}.Debug|x64.ActiveCfg = Debug|Any CPU
		{E908B7B6-27CC-458D-B6DC-0E4AF48A2A39}.Debug|x64.Build.0 = Debug|Any CPU
		{E908B7B6-27CC-458D-B6DC-0E4AF48A2A39}.Debug|x86.ActiveCfg = Debug|Any CPU
		{E908B7B6-27CC-458D-B6DC-0E4AF48A2A39}.Debug|x86.Build.0 = Debug|Any CPU
		{E908B7B6-27CC-458D-B6DC-0E4AF48A2A39}.Release|Any CPU.ActiveCfg = Release|Any CPU
		{E908B7B6-27CC-458D-B6DC-0E4AF48A2A39}.Release|Any CPU.Build.0 = Release|Any CPU
		{E908B7B6-27CC-458D-B6DC-0E4AF48A2A39}.Release|x64.ActiveCfg = Release|Any CPU
		{E908B7B6-27CC-458D-B6DC-0E4AF48A2A39}.Release|x64.Build.0 = Release|Any CPU
		{E908B7B6-27CC-458D-B6DC-0E4AF48A2A39}.Release|x86.ActiveCfg = Release|Any CPU
		{E908B7B6-27CC-458D-B6DC-0E4AF48A2A39}.Release|x86.Build.0 = Release|Any CPU
		{8FFF41C8-85CE-41EB-8565-AB19FE97F41B}.Debug|Any CPU.ActiveCfg = Debug|Any CPU
		{8FFF41C8-85CE-41EB-8565-AB19FE97F41B}.Debug|Any CPU.Build.0 = Debug|Any CPU
		{8FFF41C8-85CE-41EB-8565-AB19FE97F41B}.Debug|x64.ActiveCfg = Debug|Any CPU
		{8FFF41C8-85CE-41EB-8565-AB19FE97F41B}.Debug|x64.Build.0 = Debug|Any CPU
		{8FFF41C8-85CE-41EB-8565-AB19FE97F41B}.Debug|x86.ActiveCfg = Debug|Any CPU
		{8FFF41C8-85CE-41EB-8565-AB19FE97F41B}.Debug|x86.Build.0 = Debug|Any CPU
		{8FFF41C8-85CE-41EB-8565-AB19FE97F41B}.Release|Any CPU.ActiveCfg = Release|Any CPU
		{8FFF41C8-85CE-41EB-8565-AB19FE97F41B}.Release|Any CPU.Build.0 = Release|Any CPU
		{8FFF41C8-85CE-41EB-8565-AB19FE97F41B}.Release|x64.ActiveCfg = Release|Any CPU
		{8FFF41C8-85CE-41EB-8565-AB19FE97F41B}.Release|x64.Build.0 = Release|Any CPU
		{8FFF41C8-85CE-41EB-8565-AB19FE97F41B}.Release|x86.ActiveCfg = Release|Any CPU
		{8FFF41C8-85CE-41EB-8565-AB19FE97F41B}.Release|x86.Build.0 = Release|Any CPU
		{556E0564-1E62-4BE8-B056-71D4A0462F56}.Debug|Any CPU.ActiveCfg = Debug|Any CPU
		{556E0564-1E62-4BE8-B056-71D4A0462F56}.Debug|Any CPU.Build.0 = Debug|Any CPU
		{556E0564-1E62-4BE8-B056-71D4A0462F56}.Debug|x64.ActiveCfg = Debug|Any CPU
		{556E0564-1E62-4BE8-B056-71D4A0462F56}.Debug|x64.Build.0 = Debug|Any CPU
		{556E0564-1E62-4BE8-B056-71D4A0462F56}.Debug|x86.ActiveCfg = Debug|Any CPU
		{556E0564-1E62-4BE8-B056-71D4A0462F56}.Debug|x86.Build.0 = Debug|Any CPU
		{556E0564-1E62-4BE8-B056-71D4A0462F56}.Release|Any CPU.ActiveCfg = Release|Any CPU
		{556E0564-1E62-4BE8-B056-71D4A0462F56}.Release|Any CPU.Build.0 = Release|Any CPU
		{556E0564-1E62-4BE8-B056-71D4A0462F56}.Release|x64.ActiveCfg = Release|Any CPU
		{556E0564-1E62-4BE8-B056-71D4A0462F56}.Release|x64.Build.0 = Release|Any CPU
		{556E0564-1E62-4BE8-B056-71D4A0462F56}.Release|x86.ActiveCfg = Release|Any CPU
		{556E0564-1E62-4BE8-B056-71D4A0462F56}.Release|x86.Build.0 = Release|Any CPU
		{AF1D3080-E083-4D9F-A78C-762F6DD85EB2}.Debug|Any CPU.ActiveCfg = Debug|Any CPU
		{AF1D3080-E083-4D9F-A78C-762F6DD85EB2}.Debug|Any CPU.Build.0 = Debug|Any CPU
		{AF1D3080-E083-4D9F-A78C-762F6DD85EB2}.Debug|x64.ActiveCfg = Debug|Any CPU
		{AF1D3080-E083-4D9F-A78C-762F6DD85EB2}.Debug|x64.Build.0 = Debug|Any CPU
		{AF1D3080-E083-4D9F-A78C-762F6DD85EB2}.Debug|x86.ActiveCfg = Debug|Any CPU
		{AF1D3080-E083-4D9F-A78C-762F6DD85EB2}.Debug|x86.Build.0 = Debug|Any CPU
		{AF1D3080-E083-4D9F-A78C-762F6DD85EB2}.Release|Any CPU.ActiveCfg = Release|Any CPU
		{AF1D3080-E083-4D9F-A78C-762F6DD85EB2}.Release|Any CPU.Build.0 = Release|Any CPU
		{AF1D3080-E083-4D9F-A78C-762F6DD85EB2}.Release|x64.ActiveCfg = Release|Any CPU
		{AF1D3080-E083-4D9F-A78C-762F6DD85EB2}.Release|x64.Build.0 = Release|Any CPU
		{AF1D3080-E083-4D9F-A78C-762F6DD85EB2}.Release|x86.ActiveCfg = Release|Any CPU
		{AF1D3080-E083-4D9F-A78C-762F6DD85EB2}.Release|x86.Build.0 = Release|Any CPU
		{24D707E6-AAB0-45A0-B610-60125A0C45BF}.Debug|Any CPU.ActiveCfg = Debug|Any CPU
		{24D707E6-AAB0-45A0-B610-60125A0C45BF}.Debug|Any CPU.Build.0 = Debug|Any CPU
		{24D707E6-AAB0-45A0-B610-60125A0C45BF}.Debug|x64.ActiveCfg = Debug|Any CPU
		{24D707E6-AAB0-45A0-B610-60125A0C45BF}.Debug|x64.Build.0 = Debug|Any CPU
		{24D707E6-AAB0-45A0-B610-60125A0C45BF}.Debug|x86.ActiveCfg = Debug|Any CPU
		{24D707E6-AAB0-45A0-B610-60125A0C45BF}.Debug|x86.Build.0 = Debug|Any CPU
		{24D707E6-AAB0-45A0-B610-60125A0C45BF}.Release|Any CPU.ActiveCfg = Release|Any CPU
		{24D707E6-AAB0-45A0-B610-60125A0C45BF}.Release|Any CPU.Build.0 = Release|Any CPU
		{24D707E6-AAB0-45A0-B610-60125A0C45BF}.Release|x64.ActiveCfg = Release|Any CPU
		{24D707E6-AAB0-45A0-B610-60125A0C45BF}.Release|x64.Build.0 = Release|Any CPU
		{24D707E6-AAB0-45A0-B610-60125A0C45BF}.Release|x86.ActiveCfg = Release|Any CPU
		{24D707E6-AAB0-45A0-B610-60125A0C45BF}.Release|x86.Build.0 = Release|Any CPU
		{05848B4B-A85C-44DC-9F17-5AD1153428F9}.Debug|Any CPU.ActiveCfg = Debug|Any CPU
		{05848B4B-A85C-44DC-9F17-5AD1153428F9}.Debug|Any CPU.Build.0 = Debug|Any CPU
		{05848B4B-A85C-44DC-9F17-5AD1153428F9}.Debug|x64.ActiveCfg = Debug|Any CPU
		{05848B4B-A85C-44DC-9F17-5AD1153428F9}.Debug|x64.Build.0 = Debug|Any CPU
		{05848B4B-A85C-44DC-9F17-5AD1153428F9}.Debug|x86.ActiveCfg = Debug|Any CPU
		{05848B4B-A85C-44DC-9F17-5AD1153428F9}.Debug|x86.Build.0 = Debug|Any CPU
		{05848B4B-A85C-44DC-9F17-5AD1153428F9}.Release|Any CPU.ActiveCfg = Release|Any CPU
		{05848B4B-A85C-44DC-9F17-5AD1153428F9}.Release|Any CPU.Build.0 = Release|Any CPU
		{05848B4B-A85C-44DC-9F17-5AD1153428F9}.Release|x64.ActiveCfg = Release|Any CPU
		{05848B4B-A85C-44DC-9F17-5AD1153428F9}.Release|x64.Build.0 = Release|Any CPU
		{05848B4B-A85C-44DC-9F17-5AD1153428F9}.Release|x86.ActiveCfg = Release|Any CPU
		{05848B4B-A85C-44DC-9F17-5AD1153428F9}.Release|x86.Build.0 = Release|Any CPU
		{097843B8-8CD7-4B60-B97E-A65C6C9D2357}.Debug|Any CPU.ActiveCfg = Debug|Any CPU
		{097843B8-8CD7-4B60-B97E-A65C6C9D2357}.Debug|Any CPU.Build.0 = Debug|Any CPU
		{097843B8-8CD7-4B60-B97E-A65C6C9D2357}.Debug|x64.ActiveCfg = Debug|Any CPU
		{097843B8-8CD7-4B60-B97E-A65C6C9D2357}.Debug|x64.Build.0 = Debug|Any CPU
		{097843B8-8CD7-4B60-B97E-A65C6C9D2357}.Debug|x86.ActiveCfg = Debug|Any CPU
		{097843B8-8CD7-4B60-B97E-A65C6C9D2357}.Debug|x86.Build.0 = Debug|Any CPU
		{097843B8-8CD7-4B60-B97E-A65C6C9D2357}.Release|Any CPU.ActiveCfg = Release|Any CPU
		{097843B8-8CD7-4B60-B97E-A65C6C9D2357}.Release|Any CPU.Build.0 = Release|Any CPU
		{097843B8-8CD7-4B60-B97E-A65C6C9D2357}.Release|x64.ActiveCfg = Release|Any CPU
		{097843B8-8CD7-4B60-B97E-A65C6C9D2357}.Release|x64.Build.0 = Release|Any CPU
		{097843B8-8CD7-4B60-B97E-A65C6C9D2357}.Release|x86.ActiveCfg = Release|Any CPU
		{097843B8-8CD7-4B60-B97E-A65C6C9D2357}.Release|x86.Build.0 = Release|Any CPU
	EndGlobalSection
	GlobalSection(SolutionProperties) = preSolution
		HideSolutionNode = FALSE
	EndGlobalSection
	GlobalSection(NestedProjects) = preSolution
		{F9FDBB0F-5A71-4E57-9540-62BFA60F363B} = {2BE2DBA4-EB19-4882-B77B-71D6E1B3196D}
		{2BE2DBA4-EB19-4882-B77B-71D6E1B3196D} = {D4EBEC6F-00F4-4B28-9E5D-9A44086CFEF9}
		{5362F22C-23FF-4083-A0A9-0E078EEB1AC5} = {D4EBEC6F-00F4-4B28-9E5D-9A44086CFEF9}
		{03215DC6-3126-4ECA-A199-332F2A01BC40} = {5362F22C-23FF-4083-A0A9-0E078EEB1AC5}
		{7140AE00-D6A4-4FF6-91E7-03CA05AEE29D} = {5362F22C-23FF-4083-A0A9-0E078EEB1AC5}
		{A28F3D5F-C743-4584-96C0-864DC0F039CA} = {D4EBEC6F-00F4-4B28-9E5D-9A44086CFEF9}
		{17B179F4-22DD-4C30-A3B5-172BEF90242E} = {A28F3D5F-C743-4584-96C0-864DC0F039CA}
		{0D167611-6F58-4BA9-94E0-A34B75413648} = {A28F3D5F-C743-4584-96C0-864DC0F039CA}
		{D24E0301-A64F-4826-95E8-DF27332B8DF9} = {D4EBEC6F-00F4-4B28-9E5D-9A44086CFEF9}
		{E747B1F8-2661-450A-93A3-A21EF3986BDF} = {D24E0301-A64F-4826-95E8-DF27332B8DF9}
		{2C657A04-E8E5-4BF8-841C-27D75F12AD43} = {D4EBEC6F-00F4-4B28-9E5D-9A44086CFEF9}
		{69BA2F62-72B4-4500-A1D2-F9F5417ED193} = {2C657A04-E8E5-4BF8-841C-27D75F12AD43}
		{D4EBEC6F-00F4-4B28-9E5D-9A44086CFEF9} = {D429DB92-67D0-4749-B8E3-A4CD3CCCD7B7}
		{B4039963-6276-467F-B886-12FFC8D3578A} = {D429DB92-67D0-4749-B8E3-A4CD3CCCD7B7}
		{3A062E57-557C-4C02-92C8-F24F31B449EE} = {B4039963-6276-467F-B886-12FFC8D3578A}
		{E4AF6D70-0CE3-4520-83CE-CC5A3B7410D8} = {3A062E57-557C-4C02-92C8-F24F31B449EE}
		{C4544019-A6AA-40B2-B6E1-A772AF6C10F3} = {B4039963-6276-467F-B886-12FFC8D3578A}
		{4F5FE15C-AD3F-4E21-8C50-61AF9ABBEDA3} = {C4544019-A6AA-40B2-B6E1-A772AF6C10F3}
		{F761D5AE-33E3-4B37-95C2-5209BCFB3470} = {C4544019-A6AA-40B2-B6E1-A772AF6C10F3}
		{5F9D1443-5E25-417A-99EE-D6367B337516} = {B4039963-6276-467F-B886-12FFC8D3578A}
		{18A2C306-FBAD-45B2-97D3-4CF23E31F7FC} = {5F9D1443-5E25-417A-99EE-D6367B337516}
		{A526CC43-E2D8-4114-AF07-CC486F506E2F} = {64C2DC4E-37FA-4EC3-9594-7672E95FC079}
		{CB6DACFE-D99D-40BD-8179-2C6F11F51B08} = {A526CC43-E2D8-4114-AF07-CC486F506E2F}
		{D5E335D3-B4EE-4610-B153-AD29CB388FC9} = {A526CC43-E2D8-4114-AF07-CC486F506E2F}
		{0488FE5E-E5B2-4344-B17E-7669D5539748} = {A526CC43-E2D8-4114-AF07-CC486F506E2F}
		{081345EB-482D-4FE7-B7D1-9CD437A44739} = {64C2DC4E-37FA-4EC3-9594-7672E95FC079}
		{E908B7B6-27CC-458D-B6DC-0E4AF48A2A39} = {081345EB-482D-4FE7-B7D1-9CD437A44739}
		{8FFF41C8-85CE-41EB-8565-AB19FE97F41B} = {081345EB-482D-4FE7-B7D1-9CD437A44739}
		{556E0564-1E62-4BE8-B056-71D4A0462F56} = {081345EB-482D-4FE7-B7D1-9CD437A44739}
		{AF1D3080-E083-4D9F-A78C-762F6DD85EB2} = {081345EB-482D-4FE7-B7D1-9CD437A44739}
		{24D707E6-AAB0-45A0-B610-60125A0C45BF} = {64C2DC4E-37FA-4EC3-9594-7672E95FC079}
		{05848B4B-A85C-44DC-9F17-5AD1153428F9} = {64C2DC4E-37FA-4EC3-9594-7672E95FC079}
		{798E8759-D62F-4289-A43C-1729C360B744} = {64C2DC4E-37FA-4EC3-9594-7672E95FC079}
		{A1E746EF-66F4-48C5-B436-23F87D9F44CF} = {798E8759-D62F-4289-A43C-1729C360B744}
		{097843B8-8CD7-4B60-B97E-A65C6C9D2357} = {A1E746EF-66F4-48C5-B436-23F87D9F44CF}
	EndGlobalSection
	GlobalSection(ExtensibilityGlobals) = postSolution
		SolutionGuid = {FF5DEF07-D041-4191-AF7B-6506152135A7}
	EndGlobalSection
EndGlobal
